<?xml version="1.0" encoding="utf-8"?>
<Project ToolsVersion="4.0" xmlns="http://schemas.microsoft.com/developer/msbuild/2003">
  <ItemGroup>
    <Filter Include="Source Files">
      <UniqueIdentifier>{cd1a33be-fb1b-40bc-979a-a9b054d8bc39}</UniqueIdentifier>
      <Extensions>cpp;c;cxx;rc;def;r;odl;idl;hpj;bat</Extensions>
    </Filter>
    <Filter Include="Header Files">
      <UniqueIdentifier>{d4aa0b07-f7d5-4cb1-a1da-11e1d74ab5b3}</UniqueIdentifier>
      <Extensions>h;hpp;hxx;hm;inl</Extensions>
    </Filter>
    <Filter Include="Resource Files">
      <UniqueIdentifier>{3d79cb9b-d490-4559-9ec0-f8f28de8af82}</UniqueIdentifier>
      <Extensions>ico;cur;bmp;dlg;rc2;rct;bin;rgs;gif;jpg;jpeg;jpe</Extensions>
    </Filter>
  </ItemGroup>
  <ItemGroup>
    <ClCompile Include="..\sakura_core\CAutoSave.cpp">
      <Filter>Source Files</Filter>
    </ClCompile>
    <ClCompile Include="..\sakura_core\CBlockComment.cpp">
      <Filter>Source Files</Filter>
    </ClCompile>
    <ClCompile Include="..\sakura_core\CBregexp.cpp">
      <Filter>Source Files</Filter>
    </ClCompile>
    <ClCompile Include="..\sakura_core\CCommandLine.cpp">
      <Filter>Source Files</Filter>
    </ClCompile>
    <ClCompile Include="..\sakura_core\CControlProcess.cpp">
      <Filter>Source Files</Filter>
    </ClCompile>
    <ClCompile Include="..\sakura_core\CDialog.cpp">
      <Filter>Source Files</Filter>
    </ClCompile>
    <ClCompile Include="..\sakura_core\CDicMgr.cpp">
      <Filter>Source Files</Filter>
    </ClCompile>
    <ClCompile Include="..\sakura_core\CDlgAbout.cpp">
      <Filter>Source Files</Filter>
    </ClCompile>
    <ClCompile Include="..\sakura_core\CDlgCancel.cpp">
      <Filter>Source Files</Filter>
    </ClCompile>
    <ClCompile Include="..\sakura_core\CDlgCompare.cpp">
      <Filter>Source Files</Filter>
    </ClCompile>
    <ClCompile Include="..\sakura_core\CDlgCtrlCode.cpp">
      <Filter>Source Files</Filter>
    </ClCompile>
    <ClCompile Include="..\sakura_core\CDlgDebug.cpp">
      <Filter>Source Files</Filter>
    </ClCompile>
    <ClCompile Include="..\sakura_core\CDlgDiff.cpp">
      <Filter>Source Files</Filter>
    </ClCompile>
    <ClCompile Include="..\sakura_core\CDlgExec.cpp">
      <Filter>Source Files</Filter>
    </ClCompile>
    <ClCompile Include="..\sakura_core\CDlgFavorite.cpp">
      <Filter>Source Files</Filter>
    </ClCompile>
    <ClCompile Include="..\sakura_core\CDlgFileUpdateQuery.cpp">
      <Filter>Source Files</Filter>
    </ClCompile>
    <ClCompile Include="..\sakura_core\CDlgFind.cpp">
      <Filter>Source Files</Filter>
    </ClCompile>
    <ClCompile Include="..\sakura_core\CDlgFuncList.cpp">
      <Filter>Source Files</Filter>
    </ClCompile>
    <ClCompile Include="..\sakura_core\CDlgGrep.cpp">
      <Filter>Source Files</Filter>
    </ClCompile>
    <ClCompile Include="..\sakura_core\CDlgInput1.cpp">
      <Filter>Source Files</Filter>
    </ClCompile>
    <ClCompile Include="..\sakura_core\CDlgJump.cpp">
      <Filter>Source Files</Filter>
    </ClCompile>
    <ClCompile Include="..\sakura_core\CDlgKeywordSelect.cpp">
      <Filter>Source Files</Filter>
    </ClCompile>
    <ClCompile Include="..\sakura_core\CDlgOpenFile.cpp">
      <Filter>Source Files</Filter>
    </ClCompile>
    <ClCompile Include="..\sakura_core\CDlgPrintPage.cpp">
      <Filter>Source Files</Filter>
    </ClCompile>
    <ClCompile Include="..\sakura_core\CDlgPrintSetting.cpp">
      <Filter>Source Files</Filter>
    </ClCompile>
    <ClCompile Include="..\sakura_core\CDlgProperty.cpp">
      <Filter>Source Files</Filter>
    </ClCompile>
    <ClCompile Include="..\sakura_core\CDlgReplace.cpp">
      <Filter>Source Files</Filter>
    </ClCompile>
    <ClCompile Include="..\sakura_core\CDlgSameColor.cpp">
      <Filter>Source Files</Filter>
    </ClCompile>
    <ClCompile Include="..\sakura_core\CDlgTagJumpList.cpp">
      <Filter>Source Files</Filter>
    </ClCompile>
    <ClCompile Include="..\sakura_core\CDlgTagsMake.cpp">
      <Filter>Source Files</Filter>
    </ClCompile>
    <ClCompile Include="..\sakura_core\CDlgTypeList.cpp">
      <Filter>Source Files</Filter>
    </ClCompile>
    <ClCompile Include="..\sakura_core\CDlgWinSize.cpp">
      <Filter>Source Files</Filter>
    </ClCompile>
    <ClCompile Include="..\sakura_core\CDllHandler.cpp">
      <Filter>Source Files</Filter>
    </ClCompile>
    <ClCompile Include="..\sakura_core\CDocLine.cpp">
      <Filter>Source Files</Filter>
    </ClCompile>
    <ClCompile Include="..\sakura_core\CDocLineMgr.cpp">
      <Filter>Source Files</Filter>
    </ClCompile>
    <ClCompile Include="..\sakura_core\CDocLineMgr_New.cpp">
      <Filter>Source Files</Filter>
    </ClCompile>
    <ClCompile Include="..\sakura_core\CDropTarget.cpp">
      <Filter>Source Files</Filter>
    </ClCompile>
    <ClCompile Include="..\sakura_core\CEditApp.cpp">
      <Filter>Source Files</Filter>
    </ClCompile>
    <ClCompile Include="..\sakura_core\CEditDoc.cpp">
      <Filter>Source Files</Filter>
    </ClCompile>
    <ClCompile Include="..\sakura_core\CEditDoc_FuncList1.cpp">
      <Filter>Source Files</Filter>
    </ClCompile>
    <ClCompile Include="..\sakura_core\CEditDoc_FuncList2.cpp">
      <Filter>Source Files</Filter>
    </ClCompile>
    <ClCompile Include="..\sakura_core\CEditDoc_FuncList3.cpp">
      <Filter>Source Files</Filter>
    </ClCompile>
    <ClCompile Include="..\sakura_core\CEditDoc_new.cpp">
      <Filter>Source Files</Filter>
    </ClCompile>
    <ClCompile Include="..\sakura_core\CEditView.cpp">
      <Filter>Source Files</Filter>
    </ClCompile>
    <ClCompile Include="..\sakura_core\CEditView_Cmdgrep.cpp">
      <Filter>Source Files</Filter>
    </ClCompile>
    <ClCompile Include="..\sakura_core\CEditView_CmdHokan.cpp">
      <Filter>Source Files</Filter>
    </ClCompile>
    <ClCompile Include="..\sakura_core\CEditView_Cmdisrch.cpp">
      <Filter>Source Files</Filter>
    </ClCompile>
    <ClCompile Include="..\sakura_core\CEditView_Command.cpp">
      <Filter>Source Files</Filter>
    </ClCompile>
    <ClCompile Include="..\sakura_core\CEditView_Command_New.cpp">
      <Filter>Source Files</Filter>
    </ClCompile>
    <ClCompile Include="..\sakura_core\CEditView_Diff.cpp">
      <Filter>Source Files</Filter>
    </ClCompile>
    <ClCompile Include="..\sakura_core\CEditView_New.cpp">
      <Filter>Source Files</Filter>
    </ClCompile>
    <ClCompile Include="..\sakura_core\CEditView_New2.cpp">
      <Filter>Source Files</Filter>
    </ClCompile>
    <ClCompile Include="..\sakura_core\CEditView_New3.cpp">
      <Filter>Source Files</Filter>
    </ClCompile>
    <ClCompile Include="..\sakura_core\CEditWnd.cpp">
      <Filter>Source Files</Filter>
    </ClCompile>
    <ClCompile Include="..\sakura_core\CEol.cpp">
      <Filter>Source Files</Filter>
    </ClCompile>
    <ClCompile Include="..\sakura_core\CESI.cpp">
      <Filter>Source Files</Filter>
    </ClCompile>
    <ClCompile Include="..\sakura_core\CFileExt.cpp">
      <Filter>Source Files</Filter>
    </ClCompile>
    <ClCompile Include="..\sakura_core\CFileLoad.cpp">
      <Filter>Source Files</Filter>
    </ClCompile>
    <ClCompile Include="..\sakura_core\CFileWrite.cpp">
      <Filter>Source Files</Filter>
    </ClCompile>
    <ClCompile Include="..\sakura_core\CFuncInfo.cpp">
      <Filter>Source Files</Filter>
    </ClCompile>
    <ClCompile Include="..\sakura_core\CFuncInfoArr.cpp">
      <Filter>Source Files</Filter>
    </ClCompile>
    <ClCompile Include="..\sakura_core\CFuncKeyWnd.cpp">
      <Filter>Source Files</Filter>
    </ClCompile>
    <ClCompile Include="..\sakura_core\CFuncLookup.cpp">
      <Filter>Source Files</Filter>
    </ClCompile>
    <ClCompile Include="..\sakura_core\charcode.cpp">
      <Filter>Source Files</Filter>
    </ClCompile>
    <ClCompile Include="..\sakura_core\CHokanMgr.cpp">
      <Filter>Source Files</Filter>
    </ClCompile>
    <ClCompile Include="..\sakura_core\CHtmlHelp.cpp">
      <Filter>Source Files</Filter>
    </ClCompile>
    <ClCompile Include="..\sakura_core\CImageListMgr.cpp">
      <Filter>Source Files</Filter>
    </ClCompile>
    <ClCompile Include="..\sakura_core\CKeyBind.cpp">
      <Filter>Source Files</Filter>
    </ClCompile>
    <ClCompile Include="..\sakura_core\CKeyMacroMgr.cpp">
      <Filter>Source Files</Filter>
    </ClCompile>
    <ClCompile Include="..\sakura_core\CKeyWordSetMgr.cpp">
      <Filter>Source Files</Filter>
    </ClCompile>
    <ClCompile Include="..\sakura_core\CLayout.cpp">
      <Filter>Source Files</Filter>
    </ClCompile>
    <ClCompile Include="..\sakura_core\CLayoutMgr.cpp">
      <Filter>Source Files</Filter>
    </ClCompile>
    <ClCompile Include="..\sakura_core\CLayoutMgr_New.cpp">
      <Filter>Source Files</Filter>
    </ClCompile>
    <ClCompile Include="..\sakura_core\CLayoutMgr_New2.cpp">
      <Filter>Source Files</Filter>
    </ClCompile>
    <ClCompile Include="..\sakura_core\CLineComment.cpp">
      <Filter>Source Files</Filter>
    </ClCompile>
    <ClCompile Include="..\sakura_core\CMacro.cpp">
      <Filter>Source Files</Filter>
    </ClCompile>
    <ClCompile Include="..\sakura_core\CMacroFactory.cpp">
      <Filter>Source Files</Filter>
    </ClCompile>
    <ClCompile Include="..\sakura_core\CMacroManagerBase.cpp">
      <Filter>Source Files</Filter>
    </ClCompile>
    <ClCompile Include="..\sakura_core\CMarkMgr.cpp">
      <Filter>Source Files</Filter>
    </ClCompile>
    <ClCompile Include="..\sakura_core\CMemory.cpp">
      <Filter>Source Files</Filter>
    </ClCompile>
    <ClCompile Include="..\sakura_core\CMenuDrawer.cpp">
      <Filter>Source Files</Filter>
    </ClCompile>
    <ClCompile Include="..\sakura_core\CMigemo.cpp">
      <Filter>Source Files</Filter>
    </ClCompile>
    <ClCompile Include="..\sakura_core\CMRU.cpp">
      <Filter>Source Files</Filter>
    </ClCompile>
    <ClCompile Include="..\sakura_core\CMRUFolder.cpp">
      <Filter>Source Files</Filter>
    </ClCompile>
    <ClCompile Include="..\sakura_core\CNormalProcess.cpp">
      <Filter>Source Files</Filter>
    </ClCompile>
    <ClCompile Include="..\sakura_core\COpe.cpp">
      <Filter>Source Files</Filter>
    </ClCompile>
    <ClCompile Include="..\sakura_core\COpeBlk.cpp">
      <Filter>Source Files</Filter>
    </ClCompile>
    <ClCompile Include="..\sakura_core\COpeBuf.cpp">
      <Filter>Source Files</Filter>
    </ClCompile>
    <ClCompile Include="..\sakura_core\CPPA.cpp">
      <Filter>Source Files</Filter>
    </ClCompile>
    <ClCompile Include="..\sakura_core\CPPAMacroMgr.cpp">
      <Filter>Source Files</Filter>
    </ClCompile>
    <ClCompile Include="..\sakura_core\CPrint.cpp">
      <Filter>Source Files</Filter>
    </ClCompile>
    <ClCompile Include="..\sakura_core\CPrintPreview.cpp">
      <Filter>Source Files</Filter>
    </ClCompile>
    <ClCompile Include="..\sakura_core\CProcess.cpp">
      <Filter>Source Files</Filter>
    </ClCompile>
    <ClCompile Include="..\sakura_core\CProcessFactory.cpp">
      <Filter>Source Files</Filter>
    </ClCompile>
    <ClCompile Include="..\sakura_core\CProfile.cpp">
      <Filter>Source Files</Filter>
    </ClCompile>
    <ClCompile Include="..\sakura_core\CPropComBackup.cpp">
      <Filter>Source Files</Filter>
    </ClCompile>
    <ClCompile Include="..\sakura_core\CPropComCustmenu.cpp">
      <Filter>Source Files</Filter>
    </ClCompile>
    <ClCompile Include="..\sakura_core\CPropComEdit.cpp">
      <Filter>Source Files</Filter>
    </ClCompile>
    <ClCompile Include="..\sakura_core\CPropComFile.cpp">
      <Filter>Source Files</Filter>
    </ClCompile>
    <ClCompile Include="..\sakura_core\CPropComFileName.cpp">
      <Filter>Source Files</Filter>
    </ClCompile>
    <ClCompile Include="..\sakura_core\CPropComFormat.cpp">
      <Filter>Source Files</Filter>
    </ClCompile>
    <ClCompile Include="..\sakura_core\CPropComGrep.cpp">
      <Filter>Source Files</Filter>
    </ClCompile>
    <ClCompile Include="..\sakura_core\CPropComHelper.cpp">
      <Filter>Source Files</Filter>
    </ClCompile>
    <ClCompile Include="..\sakura_core\CPropComKeybind.cpp">
      <Filter>Source Files</Filter>
    </ClCompile>
    <ClCompile Include="..\sakura_core\CPropComKeyword.cpp">
      <Filter>Source Files</Filter>
    </ClCompile>
    <ClCompile Include="..\sakura_core\CPropComMacro.cpp">
      <Filter>Source Files</Filter>
    </ClCompile>
    <ClCompile Include="..\sakura_core\CPropCommon.cpp">
      <Filter>Source Files</Filter>
    </ClCompile>
    <ClCompile Include="..\sakura_core\CPropComTab.cpp">
      <Filter>Source Files</Filter>
    </ClCompile>
    <ClCompile Include="..\sakura_core\CPropComToolbar.cpp">
      <Filter>Source Files</Filter>
    </ClCompile>
    <ClCompile Include="..\sakura_core\CPropComWin.cpp">
      <Filter>Source Files</Filter>
    </ClCompile>
    <ClCompile Include="..\sakura_core\CPropTypes.cpp">
      <Filter>Source Files</Filter>
    </ClCompile>
    <ClCompile Include="..\sakura_core\CPropTypesKeyHelp.cpp">
      <Filter>Source Files</Filter>
    </ClCompile>
    <ClCompile Include="..\sakura_core\CPropTypesRegex.cpp">
      <Filter>Source Files</Filter>
    </ClCompile>
    <ClCompile Include="..\sakura_core\CRecent.cpp">
      <Filter>Source Files</Filter>
    </ClCompile>
    <ClCompile Include="..\sakura_core\CRegexKeyword.cpp">
      <Filter>Source Files</Filter>
    </ClCompile>
    <ClCompile Include="..\sakura_core\CRunningTimer.cpp">
      <Filter>Source Files</Filter>
    </ClCompile>
    <ClCompile Include="..\sakura_core\CShareData.cpp">
      <Filter>Source Files</Filter>
    </ClCompile>
    <ClCompile Include="..\sakura_core\CShareData_new.cpp">
      <Filter>Source Files</Filter>
    </ClCompile>
    <ClCompile Include="..\sakura_core\CSMacroMgr.cpp">
      <Filter>Source Files</Filter>
    </ClCompile>
    <ClCompile Include="..\sakura_core\CSortedTagJumpList.cpp">
      <Filter>Source Files</Filter>
    </ClCompile>
    <ClCompile Include="..\sakura_core\CSplitBoxWnd.cpp">
      <Filter>Source Files</Filter>
    </ClCompile>
    <ClCompile Include="..\sakura_core\CSplitterWnd.cpp">
      <Filter>Source Files</Filter>
    </ClCompile>
    <ClCompile Include="..\sakura_core\CTabWnd.cpp">
      <Filter>Source Files</Filter>
    </ClCompile>
    <ClCompile Include="..\sakura_core\CTipWnd.cpp">
      <Filter>Source Files</Filter>
    </ClCompile>
    <ClCompile Include="..\sakura_core\CUxTheme.cpp">
      <Filter>Source Files</Filter>
    </ClCompile>
    <ClCompile Include="..\sakura_core\CWaitCursor.cpp">
      <Filter>Source Files</Filter>
    </ClCompile>
    <ClCompile Include="..\sakura_core\CWnd.cpp">
      <Filter>Source Files</Filter>
    </ClCompile>
    <ClCompile Include="..\sakura_core\CWSH.cpp">
      <Filter>Source Files</Filter>
    </ClCompile>
    <ClCompile Include="..\sakura_core\Debug.cpp">
      <Filter>Source Files</Filter>
    </ClCompile>
    <ClCompile Include="..\sakura_core\etc_uty.cpp">
      <Filter>Source Files</Filter>
    </ClCompile>
    <ClCompile Include="..\sakura_core\Funccode.cpp">
      <Filter>Source Files</Filter>
    </ClCompile>
    <ClCompile Include="..\sakura_core\global.cpp">
      <Filter>Source Files</Filter>
    </ClCompile>
    <ClCompile Include="..\sakura_core\my_icmp.cpp">
      <Filter>Source Files</Filter>
    </ClCompile>
    <ClCompile Include="..\sakura_core\MY_SP.C">
      <Filter>Source Files</Filter>
    </ClCompile>
    <ClCompile Include="..\sakura_core\StdAfx.cpp">
      <Filter>Source Files</Filter>
    </ClCompile>
    <ClCompile Include="..\sakura_core\WinMain.cpp">
      <Filter>Source Files</Filter>
    </ClCompile>
  </ItemGroup>
  <ItemGroup>
    <ResourceCompile Include="..\sakura_core\sakura_rc.rc">
      <Filter>Source Files</Filter>
    </ResourceCompile>
  </ItemGroup>
  <ItemGroup>
    <ClInclude Include="..\sakura_core\CAutoSave.h">
      <Filter>Header Files</Filter>
    </ClInclude>
    <ClInclude Include="..\sakura_core\CBlockComment.h">
      <Filter>Header Files</Filter>
    </ClInclude>
    <ClInclude Include="..\sakura_core\CBregexp.h">
      <Filter>Header Files</Filter>
    </ClInclude>
    <ClInclude Include="..\sakura_core\CCommandLine.h">
      <Filter>Header Files</Filter>
    </ClInclude>
    <ClInclude Include="..\sakura_core\CControlProcess.h">
      <Filter>Header Files</Filter>
    </ClInclude>
    <ClInclude Include="..\sakura_core\CDialog.h">
      <Filter>Header Files</Filter>
    </ClInclude>
    <ClInclude Include="..\sakura_core\CDicMgr.h">
      <Filter>Header Files</Filter>
    </ClInclude>
    <ClInclude Include="..\sakura_core\CDlgAbout.h">
      <Filter>Header Files</Filter>
    </ClInclude>
    <ClInclude Include="..\sakura_core\CDlgCancel.h">
      <Filter>Header Files</Filter>
    </ClInclude>
    <ClInclude Include="..\sakura_core\CDlgCompare.h">
      <Filter>Header Files</Filter>
    </ClInclude>
    <ClInclude Include="..\sakura_core\CDlgCtrlCode.h">
      <Filter>Header Files</Filter>
    </ClInclude>
    <ClInclude Include="..\sakura_core\CDlgDebug.h">
      <Filter>Header Files</Filter>
    </ClInclude>
    <ClInclude Include="..\sakura_core\CDlgDiff.h">
      <Filter>Header Files</Filter>
    </ClInclude>
    <ClInclude Include="..\sakura_core\CDlgExec.h">
      <Filter>Header Files</Filter>
    </ClInclude>
    <ClInclude Include="..\sakura_core\CDlgFavorite.h">
      <Filter>Header Files</Filter>
    </ClInclude>
    <ClInclude Include="..\sakura_core\CDlgFileUpdateQuery.h">
      <Filter>Header Files</Filter>
    </ClInclude>
    <ClInclude Include="..\sakura_core\CDlgFind.h">
      <Filter>Header Files</Filter>
    </ClInclude>
    <ClInclude Include="..\sakura_core\CDlgFuncList.h">
      <Filter>Header Files</Filter>
    </ClInclude>
    <ClInclude Include="..\sakura_core\CDlgGrep.h">
      <Filter>Header Files</Filter>
    </ClInclude>
    <ClInclude Include="..\sakura_core\CDlgInput1.h">
      <Filter>Header Files</Filter>
    </ClInclude>
    <ClInclude Include="..\sakura_core\CDlgJump.h">
      <Filter>Header Files</Filter>
    </ClInclude>
    <ClInclude Include="..\sakura_core\CDlgKeywordSelect.h">
      <Filter>Header Files</Filter>
    </ClInclude>
    <ClInclude Include="..\sakura_core\CDlgOpenFile.h">
      <Filter>Header Files</Filter>
    </ClInclude>
    <ClInclude Include="..\sakura_core\CDlgPrintPage.h">
      <Filter>Header Files</Filter>
    </ClInclude>
    <ClInclude Include="..\sakura_core\CDlgPrintSetting.h">
      <Filter>Header Files</Filter>
    </ClInclude>
    <ClInclude Include="..\sakura_core\CDlgProperty.h">
      <Filter>Header Files</Filter>
    </ClInclude>
    <ClInclude Include="..\sakura_core\CDlgReplace.h">
      <Filter>Header Files</Filter>
    </ClInclude>
    <ClInclude Include="..\sakura_core\CDlgSameColor.h">
      <Filter>Header Files</Filter>
    </ClInclude>
    <ClInclude Include="..\sakura_core\CDlgTagJumpList.h">
      <Filter>Header Files</Filter>
    </ClInclude>
    <ClInclude Include="..\sakura_core\CDlgTagsMake.h">
      <Filter>Header Files</Filter>
    </ClInclude>
    <ClInclude Include="..\sakura_core\CDlgTypeList.h">
      <Filter>Header Files</Filter>
    </ClInclude>
    <ClInclude Include="..\sakura_core\CDlgWinSize.h">
      <Filter>Header Files</Filter>
    </ClInclude>
    <ClInclude Include="..\sakura_core\CDllHandler.h">
      <Filter>Header Files</Filter>
    </ClInclude>
    <ClInclude Include="..\sakura_core\CDocLine.h">
      <Filter>Header Files</Filter>
    </ClInclude>
    <ClInclude Include="..\sakura_core\CDocLineMgr.h">
      <Filter>Header Files</Filter>
    </ClInclude>
    <ClInclude Include="..\sakura_core\CDropTarget.h">
      <Filter>Header Files</Filter>
    </ClInclude>
    <ClInclude Include="..\sakura_core\CEditApp.h">
      <Filter>Header Files</Filter>
    </ClInclude>
    <ClInclude Include="..\sakura_core\CEditDoc.h">
      <Filter>Header Files</Filter>
    </ClInclude>
    <ClInclude Include="..\sakura_core\CEditView.h">
      <Filter>Header Files</Filter>
    </ClInclude>
    <ClInclude Include="..\sakura_core\CEditWnd.h">
      <Filter>Header Files</Filter>
    </ClInclude>
    <ClInclude Include="..\sakura_core\CEol.h">
      <Filter>Header Files</Filter>
    </ClInclude>
    <ClInclude Include="..\sakura_core\CESI.h">
      <Filter>Header Files</Filter>
    </ClInclude>
    <ClInclude Include="..\sakura_core\CFileExt.h">
      <Filter>Header Files</Filter>
    </ClInclude>
    <ClInclude Include="..\sakura_core\CFileLoad.h">
      <Filter>Header Files</Filter>
    </ClInclude>
    <ClInclude Include="..\sakura_core\CFileWrite.h">
      <Filter>Header Files</Filter>
    </ClInclude>
    <ClInclude Include="..\sakura_core\CFuncInfo.h">
      <Filter>Header Files</Filter>
    </ClInclude>
    <ClInclude Include="..\sakura_core\CFuncInfoArr.h">
      <Filter>Header Files</Filter>
    </ClInclude>
    <ClInclude Include="..\sakura_core\CFuncKeyWnd.h">
      <Filter>Header Files</Filter>
    </ClInclude>
    <ClInclude Include="..\sakura_core\CFuncLookup.h">
      <Filter>Header Files</Filter>
    </ClInclude>
    <ClInclude Include="..\sakura_core\charcode.h">
      <Filter>Header Files</Filter>
    </ClInclude>
    <ClInclude Include="..\sakura_core\CHokanMgr.h">
      <Filter>Header Files</Filter>
    </ClInclude>
    <ClInclude Include="..\sakura_core\CHtmlHelp.h">
      <Filter>Header Files</Filter>
    </ClInclude>
    <ClInclude Include="..\sakura_core\CImageListMgr.h">
      <Filter>Header Files</Filter>
    </ClInclude>
    <ClInclude Include="..\sakura_core\CKeyBind.h">
      <Filter>Header Files</Filter>
    </ClInclude>
    <ClInclude Include="..\sakura_core\CKeyMacroMgr.h">
      <Filter>Header Files</Filter>
    </ClInclude>
    <ClInclude Include="..\sakura_core\CKeyWordSetMgr.h">
      <Filter>Header Files</Filter>
    </ClInclude>
    <ClInclude Include="..\sakura_core\CLayout.h">
      <Filter>Header Files</Filter>
    </ClInclude>
    <ClInclude Include="..\sakura_core\CLayoutMgr.h">
      <Filter>Header Files</Filter>
    </ClInclude>
    <ClInclude Include="..\sakura_core\CLineComment.h">
      <Filter>Header Files</Filter>
    </ClInclude>
    <ClInclude Include="..\sakura_core\CMacro.h">
      <Filter>Header Files</Filter>
    </ClInclude>
    <ClInclude Include="..\sakura_core\CMacroFactory.h">
      <Filter>Header Files</Filter>
    </ClInclude>
    <ClInclude Include="..\sakura_core\CMacroManagerBase.h">
      <Filter>Header Files</Filter>
    </ClInclude>
    <ClInclude Include="..\sakura_core\CMarkMgr.h">
      <Filter>Header Files</Filter>
    </ClInclude>
    <ClInclude Include="..\sakura_core\CMemory.h">
      <Filter>Header Files</Filter>
    </ClInclude>
    <ClInclude Include="..\sakura_core\CMemoryIterator.h">
      <Filter>Header Files</Filter>
    </ClInclude>
    <ClInclude Include="..\sakura_core\CMenuDrawer.h">
      <Filter>Header Files</Filter>
    </ClInclude>
    <ClInclude Include="..\sakura_core\CMigemo.h">
      <Filter>Header Files</Filter>
    </ClInclude>
    <ClInclude Include="..\sakura_core\CMRU.h">
      <Filter>Header Files</Filter>
    </ClInclude>
    <ClInclude Include="..\sakura_core\CMRUFolder.h">
      <Filter>Header Files</Filter>
    </ClInclude>
    <ClInclude Include="..\sakura_core\CMutex.h">
      <Filter>Header Files</Filter>
    </ClInclude>
    <ClInclude Include="..\sakura_core\CNormalProcess.h">
      <Filter>Header Files</Filter>
    </ClInclude>
    <ClInclude Include="..\sakura_core\COpe.h">
      <Filter>Header Files</Filter>
    </ClInclude>
    <ClInclude Include="..\sakura_core\COpeBlk.h">
      <Filter>Header Files</Filter>
    </ClInclude>
    <ClInclude Include="..\sakura_core\COpeBuf.h">
      <Filter>Header Files</Filter>
    </ClInclude>
    <ClInclude Include="..\sakura_core\COsVersionInfo.h">
      <Filter>Header Files</Filter>
    </ClInclude>
    <ClInclude Include="..\sakura_core\CPPA.h">
      <Filter>Header Files</Filter>
    </ClInclude>
    <ClInclude Include="..\sakura_core\CPPAMacroMgr.h">
      <Filter>Header Files</Filter>
    </ClInclude>
    <ClInclude Include="..\sakura_core\CPrint.h">
      <Filter>Header Files</Filter>
    </ClInclude>
    <ClInclude Include="..\sakura_core\CPrintPreview.h">
      <Filter>Header Files</Filter>
    </ClInclude>
    <ClInclude Include="..\sakura_core\CProcess.h">
      <Filter>Header Files</Filter>
    </ClInclude>
    <ClInclude Include="..\sakura_core\CProcessFactory.h">
      <Filter>Header Files</Filter>
    </ClInclude>
    <ClInclude Include="..\sakura_core\CProfile.h">
      <Filter>Header Files</Filter>
    </ClInclude>
    <ClInclude Include="..\sakura_core\CPropCommon.h">
      <Filter>Header Files</Filter>
    </ClInclude>
    <ClInclude Include="..\sakura_core\CPropTypes.h">
      <Filter>Header Files</Filter>
    </ClInclude>
    <ClInclude Include="..\sakura_core\CRecent.h">
      <Filter>Header Files</Filter>
    </ClInclude>
    <ClInclude Include="..\sakura_core\CRegexKeyword.h">
      <Filter>Header Files</Filter>
    </ClInclude>
    <ClInclude Include="..\sakura_core\CRunningTimer.h">
      <Filter>Header Files</Filter>
    </ClInclude>
    <ClInclude Include="..\sakura_core\CShareData.h">
      <Filter>Header Files</Filter>
    </ClInclude>
    <ClInclude Include="..\sakura_core\CSMacroMgr.h">
      <Filter>Header Files</Filter>
    </ClInclude>
    <ClInclude Include="..\sakura_core\CSortedTagJumpList.h">
      <Filter>Header Files</Filter>
    </ClInclude>
    <ClInclude Include="..\sakura_core\CSplitBoxWnd.h">
      <Filter>Header Files</Filter>
    </ClInclude>
    <ClInclude Include="..\sakura_core\CSplitterWnd.h">
      <Filter>Header Files</Filter>
    </ClInclude>
    <ClInclude Include="..\sakura_core\CTabWnd.h">
      <Filter>Header Files</Filter>
    </ClInclude>
    <ClInclude Include="..\sakura_core\CTipWnd.h">
      <Filter>Header Files</Filter>
    </ClInclude>
    <ClInclude Include="..\sakura_core\CUxTheme.h">
      <Filter>Header Files</Filter>
    </ClInclude>
    <ClInclude Include="..\sakura_core\CWaitCursor.h">
      <Filter>Header Files</Filter>
    </ClInclude>
    <ClInclude Include="..\sakura_core\CWnd.h">
      <Filter>Header Files</Filter>
    </ClInclude>
    <ClInclude Include="..\sakura_core\CWSH.h">
      <Filter>Header Files</Filter>
    </ClInclude>
    <ClInclude Include="..\sakura_core\CWSHManager.h">
      <Filter>Header Files</Filter>
    </ClInclude>
    <ClInclude Include="..\sakura_core\Debug.h">
      <Filter>Header Files</Filter>
    </ClInclude>
    <ClInclude Include="..\sakura_core\etc_uty.h">
      <Filter>Header Files</Filter>
    </ClInclude>
    <ClInclude Include="..\sakura_core\Funccode.h">
      <Filter>Header Files</Filter>
    </ClInclude>
    <ClInclude Include="..\sakura_core\global.h">
      <Filter>Header Files</Filter>
    </ClInclude>
    <ClInclude Include="..\sakura_core\Keycode.h">
      <Filter>Header Files</Filter>
    </ClInclude>
    <ClInclude Include="..\sakura_core\my_icmp.h">
      <Filter>Header Files</Filter>
    </ClInclude>
    <ClInclude Include="..\sakura_core\MY_SP.h">
      <Filter>Header Files</Filter>
    </ClInclude>
    <ClInclude Include="..\sakura_core\my_tchar.h">
      <Filter>Header Files</Filter>
    </ClInclude>
    <ClInclude Include="..\sakura_core\mymessage.h">
      <Filter>Header Files</Filter>
    </ClInclude>
    <ClInclude Include="..\sakura_core\OleTypes.h">
      <Filter>Header Files</Filter>
    </ClInclude>
    <ClInclude Include="..\sakura_core\sakura_rc.h">
      <Filter>Header Files</Filter>
    </ClInclude>
    <ClInclude Include="..\sakura_core\StdAfx.h">
      <Filter>Header Files</Filter>
    </ClInclude>
    <ClInclude Include="..\sakura_core\sakura.hh" />
  </ItemGroup>
  <ItemGroup>
    <None Include="..\sakura_core\sakura_rc.hm">
      <Filter>Header Files</Filter>
    </None>
    <None Include="..\resource\cursor_copy.cur">
      <Filter>Resource Files</Filter>
    </None>
    <None Include="..\resource\cursor_hand.cur">
      <Filter>Resource Files</Filter>
    </None>
    <None Include="..\resource\cursor_isb.cur">
      <Filter>Resource Files</Filter>
    </None>
    <None Include="..\resource\cursor_isf.cur">
      <Filter>Resource Files</Filter>
    </None>
    <None Include="..\resource\cursor_move.cur">
      <Filter>Resource Files</Filter>
    </None>
    <None Include="..\resource\cursor_rvarrow.cur">
      <Filter>Resource Files</Filter>
    </None>
    <None Include="..\resource\cursor_tab_join.cur">
      <Filter>Resource Files</Filter>
    </None>
    <None Include="..\resource\cursor_tab_left.cur">
      <Filter>Resource Files</Filter>
    </None>
    <None Include="..\resource\cursor_tab_right.cur">
      <Filter>Resource Files</Filter>
    </None>
    <None Include="..\resource\cursor_tab_separate.cur">
      <Filter>Resource Files</Filter>
    </None>
  </ItemGroup>
  <ItemGroup>
    <Image Include="..\resource\icon_debug.ico">
      <Filter>Resource Files</Filter>
    </Image>
    <Image Include="..\resource\icon_grep.ico">
      <Filter>Resource Files</Filter>
    </Image>
    <Image Include="..\resource\icon_hana.ico">
      <Filter>Resource Files</Filter>
    </Image>
    <Image Include="..\resource\icon_moji.ico">
      <Filter>Resource Files</Filter>
    </Image>
    <Image Include="..\resource\icon_std.ico">
      <Filter>Resource Files</Filter>
    </Image>
    <Image Include="..\resource\mytool.bmp">
      <Filter>Resource Files</Filter>
    </Image>
    <Image Include="..\resource\opened.bmp">
      <Filter>Resource Files</Filter>
    </Image>
    <Image Include="..\resource\opened_this.bmp">
      <Filter>Resource Files</Filter>
    </Image>
    <Image Include="..\resource\printer.bmp">
      <Filter>Resource Files</Filter>
    </Image>
  </ItemGroup>
</Project>